{
  "version": 4,
  "terraform_version": "1.13.4",
  "serial": 36,
  "lineage": "eabf9437-bd89-0c6e-9638-8f9581ba7df3",
  "outputs": {},
  "resources": [
    {
      "mode": "managed",
      "type": "aws_cloudwatch_event_rule",
      "name": "daily_data_load",
      "provider": "provider[\"registry.terraform.io/hashicorp/aws\"]",
      "instances": [
        {
          "schema_version": 1,
          "attributes": {
            "arn": "arn:aws:events:us-east-2:308036881853:rule/daily_data_load_trigger",
            "description": "Triggers data_load Lambda daily at 2 AM ET",
            "event_bus_name": "default",
            "event_pattern": null,
            "force_destroy": false,
            "id": "daily_data_load_trigger",
            "is_enabled": true,
            "name": "daily_data_load_trigger",
            "name_prefix": "",
            "region": "us-east-2",
            "role_arn": "",
            "schedule_expression": "cron(30 16 * * ? *)",
            "state": "ENABLED",
            "tags": {},
            "tags_all": {}
          },
          "sensitive_attributes": [],
          "identity_schema_version": 0,
          "identity": {
            "account_id": "308036881853",
            "name": "daily_data_load_trigger",
            "region": "us-east-2"
          },
          "private": "eyJzY2hlbWFfdmVyc2lvbiI6IjEifQ=="
        }
      ]
    },
    {
      "mode": "managed",
      "type": "aws_cloudwatch_event_target",
      "name": "invoke_data_load_lambda",
      "provider": "provider[\"registry.terraform.io/hashicorp/aws\"]",
      "instances": [
        {
          "schema_version": 1,
          "attributes": {
            "appsync_target": [],
            "arn": "arn:aws:lambda:us-east-2:308036881853:function:data_load",
            "batch_target": [],
            "dead_letter_config": [],
            "ecs_target": [],
            "event_bus_name": "default",
            "force_destroy": false,
            "http_target": [],
            "id": "daily_data_load_trigger-data_load_lambda",
            "input": "",
            "input_path": "",
            "input_transformer": [],
            "kinesis_target": [],
            "redshift_target": [],
            "region": "us-east-2",
            "retry_policy": [],
            "role_arn": "",
            "rule": "daily_data_load_trigger",
            "run_command_targets": [],
            "sagemaker_pipeline_target": [],
            "sqs_target": [],
            "target_id": "data_load_lambda"
          },
          "sensitive_attributes": [],
          "identity_schema_version": 0,
          "identity": {
            "account_id": "308036881853",
            "event_bus_name": "default",
            "region": "us-east-2",
            "rule": "daily_data_load_trigger",
            "target_id": "data_load_lambda"
          },
          "private": "eyJzY2hlbWFfdmVyc2lvbiI6IjEifQ==",
          "dependencies": [
            "aws_cloudwatch_event_rule.daily_data_load",
            "aws_s3_bucket.my_bucket",
            "module.data_load.aws_cloudwatch_log_group.lambda",
            "module.data_load.aws_iam_role.lambda",
            "module.data_load.aws_iam_role_policy.additional_inline",
            "module.data_load.aws_iam_role_policy.additional_json",
            "module.data_load.aws_iam_role_policy.additional_jsons",
            "module.data_load.aws_iam_role_policy.async",
            "module.data_load.aws_iam_role_policy.dead_letter",
            "module.data_load.aws_iam_role_policy.logs",
            "module.data_load.aws_iam_role_policy.tracing",
            "module.data_load.aws_iam_role_policy.vpc",
            "module.data_load.aws_iam_role_policy_attachment.additional_many",
            "module.data_load.aws_iam_role_policy_attachment.additional_one",
            "module.data_load.aws_lambda_function.this",
            "module.data_load.aws_s3_object.lambda_package",
            "module.data_load.data.aws_arn.log_group_arn",
            "module.data_load.data.aws_cloudwatch_log_group.lambda",
            "module.data_load.data.aws_iam_policy.tracing",
            "module.data_load.data.aws_iam_policy.vpc",
            "module.data_load.data.aws_iam_policy_document.additional_inline",
            "module.data_load.data.aws_iam_policy_document.assume_role",
            "module.data_load.data.aws_iam_policy_document.async",
            "module.data_load.data.aws_iam_policy_document.dead_letter",
            "module.data_load.data.aws_iam_policy_document.logs",
            "module.data_load.data.aws_partition.current",
            "module.data_load.data.external.archive_prepare",
            "module.data_load.local_file.archive_plan",
            "module.data_load.null_resource.archive"
          ]
        }
      ]
    },
    {
      "mode": "managed",
      "type": "aws_lambda_event_source_mapping",
      "name": "trigger_data_reporting_from_sqs",
      "provider": "provider[\"registry.terraform.io/hashicorp/aws\"]",
      "instances": [
        {
          "schema_version": 0,
          "attributes": {
            "amazon_managed_kafka_event_source_config": [],
            "arn": "arn:aws:lambda:us-east-2:308036881853:event-source-mapping:a1d3f8b8-a37a-48ac-a914-2b76ee7a0264",
            "batch_size": 1,
            "bisect_batch_on_function_error": false,
            "destination_config": [],
            "document_db_event_source_config": [],
            "enabled": true,
            "event_source_arn": "arn:aws:sqs:us-east-2:308036881853:s3-events-queue",
            "filter_criteria": [],
            "function_arn": "arn:aws:lambda:us-east-2:308036881853:function:data_reporting",
            "function_name": "arn:aws:lambda:us-east-2:308036881853:function:data_reporting",
            "function_response_types": null,
            "id": "a1d3f8b8-a37a-48ac-a914-2b76ee7a0264",
            "kms_key_arn": "",
            "last_modified": "2025-10-21T15:18:15Z",
            "last_processing_result": "",
            "maximum_batching_window_in_seconds": 0,
            "maximum_record_age_in_seconds": 0,
            "maximum_retry_attempts": 0,
            "metrics_config": [],
            "parallelization_factor": 0,
            "provisioned_poller_config": [],
            "queues": null,
            "region": "us-east-2",
            "scaling_config": [],
            "self_managed_event_source": [],
            "self_managed_kafka_event_source_config": [],
            "source_access_configuration": [],
            "starting_position": "",
            "starting_position_timestamp": "",
            "state": "Enabled",
            "state_transition_reason": "USER_INITIATED",
            "tags": null,
            "tags_all": {},
            "topics": null,
            "tumbling_window_in_seconds": 0,
            "uuid": "a1d3f8b8-a37a-48ac-a914-2b76ee7a0264"
          },
          "sensitive_attributes": [],
          "identity_schema_version": 0,
          "private": "bnVsbA==",
          "dependencies": [
            "aws_s3_bucket.my_bucket",
            "aws_sqs_queue.s3_events_queue",
            "module.data_reporting.aws_cloudwatch_log_group.lambda",
            "module.data_reporting.aws_iam_role.lambda",
            "module.data_reporting.aws_iam_role_policy.additional_inline",
            "module.data_reporting.aws_iam_role_policy.additional_json",
            "module.data_reporting.aws_iam_role_policy.additional_jsons",
            "module.data_reporting.aws_iam_role_policy.async",
            "module.data_reporting.aws_iam_role_policy.dead_letter",
            "module.data_reporting.aws_iam_role_policy.logs",
            "module.data_reporting.aws_iam_role_policy.tracing",
            "module.data_reporting.aws_iam_role_policy.vpc",
            "module.data_reporting.aws_iam_role_policy_attachment.additional_many",
            "module.data_reporting.aws_iam_role_policy_attachment.additional_one",
            "module.data_reporting.aws_lambda_function.this",
            "module.data_reporting.aws_s3_object.lambda_package",
            "module.data_reporting.data.aws_arn.log_group_arn",
            "module.data_reporting.data.aws_cloudwatch_log_group.lambda",
            "module.data_reporting.data.aws_iam_policy.tracing",
            "module.data_reporting.data.aws_iam_policy.vpc",
            "module.data_reporting.data.aws_iam_policy_document.additional_inline",
            "module.data_reporting.data.aws_iam_policy_document.assume_role",
            "module.data_reporting.data.aws_iam_policy_document.async",
            "module.data_reporting.data.aws_iam_policy_document.dead_letter",
            "module.data_reporting.data.aws_iam_policy_document.logs",
            "module.data_reporting.data.aws_partition.current",
            "module.data_reporting.data.external.archive_prepare",
            "module.data_reporting.local_file.archive_plan",
            "module.data_reporting.null_resource.archive"
          ]
        }
      ]
    },
    {
      "mode": "managed",
      "type": "aws_lambda_permission",
      "name": "allow_eventbridge_to_invoke_data_load",
      "provider": "provider[\"registry.terraform.io/hashicorp/aws\"]",
      "instances": [
        {
          "schema_version": 0,
          "attributes": {
            "action": "lambda:InvokeFunction",
            "event_source_token": null,
            "function_name": "data_load",
            "function_url_auth_type": null,
            "id": "AllowExecutionFromEventBridge",
            "principal": "events.amazonaws.com",
            "principal_org_id": null,
            "qualifier": "",
            "region": "us-east-2",
            "source_account": null,
            "source_arn": "arn:aws:events:us-east-2:308036881853:rule/daily_data_load_trigger",
            "statement_id": "AllowExecutionFromEventBridge",
            "statement_id_prefix": ""
          },
          "sensitive_attributes": [],
          "identity_schema_version": 0,
          "identity": {
            "account_id": "308036881853",
            "function_name": "data_load",
            "qualifier": null,
            "region": "us-east-2",
            "statement_id": "AllowExecutionFromEventBridge"
          },
          "private": "bnVsbA==",
          "dependencies": [
            "aws_cloudwatch_event_rule.daily_data_load",
            "aws_s3_bucket.my_bucket",
            "module.data_load.aws_cloudwatch_log_group.lambda",
            "module.data_load.aws_iam_role.lambda",
            "module.data_load.aws_iam_role_policy.additional_inline",
            "module.data_load.aws_iam_role_policy.additional_json",
            "module.data_load.aws_iam_role_policy.additional_jsons",
            "module.data_load.aws_iam_role_policy.async",
            "module.data_load.aws_iam_role_policy.dead_letter",
            "module.data_load.aws_iam_role_policy.logs",
            "module.data_load.aws_iam_role_policy.tracing",
            "module.data_load.aws_iam_role_policy.vpc",
            "module.data_load.aws_iam_role_policy_attachment.additional_many",
            "module.data_load.aws_iam_role_policy_attachment.additional_one",
            "module.data_load.aws_lambda_function.this",
            "module.data_load.aws_s3_object.lambda_package",
            "module.data_load.data.aws_arn.log_group_arn",
            "module.data_load.data.aws_cloudwatch_log_group.lambda",
            "module.data_load.data.aws_iam_policy.tracing",
            "module.data_load.data.aws_iam_policy.vpc",
            "module.data_load.data.aws_iam_policy_document.additional_inline",
            "module.data_load.data.aws_iam_policy_document.assume_role",
            "module.data_load.data.aws_iam_policy_document.async",
            "module.data_load.data.aws_iam_policy_document.dead_letter",
            "module.data_load.data.aws_iam_policy_document.logs",
            "module.data_load.data.aws_partition.current",
            "module.data_load.data.external.archive_prepare",
            "module.data_load.local_file.archive_plan",
            "module.data_load.null_resource.archive"
          ]
        }
      ]
    },
    {
      "mode": "managed",
      "type": "aws_lambda_permission",
      "name": "allow_sqs_to_invoke_reporting",
      "provider": "provider[\"registry.terraform.io/hashicorp/aws\"]",
      "instances": [
        {
          "schema_version": 0,
          "attributes": {
            "action": "lambda:InvokeFunction",
            "event_source_token": null,
            "function_name": "data_reporting",
            "function_url_auth_type": null,
            "id": "AllowSQSTrigger",
            "principal": "sqs.amazonaws.com",
            "principal_org_id": null,
            "qualifier": "",
            "region": "us-east-2",
            "source_account": null,
            "source_arn": "arn:aws:sqs:us-east-2:308036881853:s3-events-queue",
            "statement_id": "AllowSQSTrigger",
            "statement_id_prefix": ""
          },
          "sensitive_attributes": [],
          "identity_schema_version": 0,
          "identity": {
            "account_id": "308036881853",
            "function_name": "data_reporting",
            "qualifier": null,
            "region": "us-east-2",
            "statement_id": "AllowSQSTrigger"
          },
          "private": "bnVsbA==",
          "dependencies": [
            "aws_s3_bucket.my_bucket",
            "aws_sqs_queue.s3_events_queue",
            "module.data_reporting.aws_cloudwatch_log_group.lambda",
            "module.data_reporting.aws_iam_role.lambda",
            "module.data_reporting.aws_iam_role_policy.additional_inline",
            "module.data_reporting.aws_iam_role_policy.additional_json",
            "module.data_reporting.aws_iam_role_policy.additional_jsons",
            "module.data_reporting.aws_iam_role_policy.async",
            "module.data_reporting.aws_iam_role_policy.dead_letter",
            "module.data_reporting.aws_iam_role_policy.logs",
            "module.data_reporting.aws_iam_role_policy.tracing",
            "module.data_reporting.aws_iam_role_policy.vpc",
            "module.data_reporting.aws_iam_role_policy_attachment.additional_many",
            "module.data_reporting.aws_iam_role_policy_attachment.additional_one",
            "module.data_reporting.aws_lambda_function.this",
            "module.data_reporting.aws_s3_object.lambda_package",
            "module.data_reporting.data.aws_arn.log_group_arn",
            "module.data_reporting.data.aws_cloudwatch_log_group.lambda",
            "module.data_reporting.data.aws_iam_policy.tracing",
            "module.data_reporting.data.aws_iam_policy.vpc",
            "module.data_reporting.data.aws_iam_policy_document.additional_inline",
            "module.data_reporting.data.aws_iam_policy_document.assume_role",
            "module.data_reporting.data.aws_iam_policy_document.async",
            "module.data_reporting.data.aws_iam_policy_document.dead_letter",
            "module.data_reporting.data.aws_iam_policy_document.logs",
            "module.data_reporting.data.aws_partition.current",
            "module.data_reporting.data.external.archive_prepare",
            "module.data_reporting.local_file.archive_plan",
            "module.data_reporting.null_resource.archive"
          ]
        }
      ]
    },
    {
      "mode": "managed",
      "type": "aws_s3_bucket",
      "name": "my_bucket",
      "provider": "provider[\"registry.terraform.io/hashicorp/aws\"]",
      "instances": [
        {
          "schema_version": 0,
          "attributes": {
            "acceleration_status": "",
            "acl": "private",
            "arn": "arn:aws:s3:::rearc-dataquest-s3terraform",
            "bucket": "rearc-dataquest-s3terraform",
            "bucket_domain_name": "rearc-dataquest-s3terraform.s3.amazonaws.com",
            "bucket_prefix": "",
            "bucket_region": "us-east-2",
            "bucket_regional_domain_name": "rearc-dataquest-s3terraform.s3.us-east-2.amazonaws.com",
            "cors_rule": [],
            "force_destroy": false,
            "grant": [
              {
                "id": "de9a0596c6ae3db7281ad67bfdae5bf759ca79e8f8d981755ceb680980a007ef",
                "permissions": [
                  "FULL_CONTROL"
                ],
                "type": "CanonicalUser",
                "uri": ""
              }
            ],
            "hosted_zone_id": "Z2O1EMRO9K5GLX",
            "id": "rearc-dataquest-s3terraform",
            "lifecycle_rule": [],
            "logging": [],
            "object_lock_configuration": [],
            "object_lock_enabled": false,
            "policy": "",
            "region": "us-east-2",
            "replication_configuration": [],
            "request_payer": "BucketOwner",
            "server_side_encryption_configuration": [
              {
                "rule": [
                  {
                    "apply_server_side_encryption_by_default": [
                      {
                        "kms_master_key_id": "",
                        "sse_algorithm": "AES256"
                      }
                    ],
                    "bucket_key_enabled": false
                  }
                ]
              }
            ],
            "tags": {
              "Environment": "Dev",
              "Name": "MyS3Bucket"
            },
            "tags_all": {
              "Environment": "Dev",
              "Name": "MyS3Bucket"
            },
            "timeouts": null,
            "versioning": [
              {
                "enabled": true,
                "mfa_delete": false
              }
            ],
            "website": [],
            "website_domain": null,
            "website_endpoint": null
          },
          "sensitive_attributes": [],
          "identity_schema_version": 0,
          "identity": {
            "account_id": "308036881853",
            "bucket": "rearc-dataquest-s3terraform",
            "region": "us-east-2"
          },
          "private": "eyJlMmJmYjczMC1lY2FhLTExZTYtOGY4OC0zNDM2M2JjN2M0YzAiOnsiY3JlYXRlIjoxMjAwMDAwMDAwMDAwLCJkZWxldGUiOjM2MDAwMDAwMDAwMDAsInJlYWQiOjEyMDAwMDAwMDAwMDAsInVwZGF0ZSI6MTIwMDAwMDAwMDAwMH19",
          "create_before_destroy": true
        }
      ]
    },
    {
      "mode": "managed",
      "type": "aws_s3_bucket_notification",
      "name": "notify_sqs_on_upload",
      "provider": "provider[\"registry.terraform.io/hashicorp/aws\"]",
      "instances": [
        {
          "schema_version": 0,
          "attributes": {
            "bucket": "rearc-dataquest-s3terraform",
            "eventbridge": false,
            "id": "rearc-dataquest-s3terraform",
            "lambda_function": [],
            "queue": [
              {
                "events": [
                  "s3:ObjectCreated:*"
                ],
                "filter_prefix": "",
                "filter_suffix": "",
                "id": "tf-s3-queue-20251021150833348000000001",
                "queue_arn": "arn:aws:sqs:us-east-2:308036881853:s3-events-queue"
              }
            ],
            "region": "us-east-2",
            "topic": []
          },
          "sensitive_attributes": [],
          "identity_schema_version": 0,
          "identity": {
            "account_id": "308036881853",
            "bucket": "rearc-dataquest-s3terraform",
            "region": "us-east-2"
          },
          "private": "bnVsbA==",
          "dependencies": [
            "aws_s3_bucket.my_bucket",
            "aws_sqs_queue.s3_events_queue",
            "aws_sqs_queue_policy.allow_s3_to_send"
          ]
        }
      ]
    },
    {
      "mode": "managed",
      "type": "aws_s3_bucket_public_access_block",
      "name": "block_public_access",
      "provider": "provider[\"registry.terraform.io/hashicorp/aws\"]",
      "instances": [
        {
          "schema_version": 0,
          "attributes": {
            "block_public_acls": true,
            "block_public_policy": true,
            "bucket": "rearc-dataquest-s3terraform",
            "id": "rearc-dataquest-s3terraform",
            "ignore_public_acls": true,
            "region": "us-east-2",
            "restrict_public_buckets": true,
            "skip_destroy": null
          },
          "sensitive_attributes": [],
          "identity_schema_version": 0,
          "identity": {
            "account_id": "308036881853",
            "bucket": "rearc-dataquest-s3terraform",
            "region": "us-east-2"
          },
          "private": "bnVsbA==",
          "dependencies": [
            "aws_s3_bucket.my_bucket"
          ]
        }
      ]
    },
    {
      "mode": "managed",
      "type": "aws_s3_bucket_versioning",
      "name": "versioning",
      "provider": "provider[\"registry.terraform.io/hashicorp/aws\"]",
      "instances": [
        {
          "schema_version": 0,
          "attributes": {
            "bucket": "rearc-dataquest-s3terraform",
            "expected_bucket_owner": "",
            "id": "rearc-dataquest-s3terraform",
            "mfa": null,
            "region": "us-east-2",
            "versioning_configuration": [
              {
                "mfa_delete": "",
                "status": "Enabled"
              }
            ]
          },
          "sensitive_attributes": [],
          "identity_schema_version": 0,
          "identity": {
            "account_id": "308036881853",
            "bucket": "rearc-dataquest-s3terraform",
            "expected_bucket_owner": null,
            "region": "us-east-2"
          },
          "private": "bnVsbA==",
          "dependencies": [
            "aws_s3_bucket.my_bucket"
          ]
        }
      ]
    },
    {
      "mode": "managed",
      "type": "aws_sqs_queue",
      "name": "s3_events_queue",
      "provider": "provider[\"registry.terraform.io/hashicorp/aws\"]",
      "instances": [
        {
          "schema_version": 0,
          "attributes": {
            "arn": "arn:aws:sqs:us-east-2:308036881853:s3-events-queue",
            "content_based_deduplication": false,
            "deduplication_scope": "",
            "delay_seconds": 0,
            "fifo_queue": false,
            "fifo_throughput_limit": "",
            "id": "https://sqs.us-east-2.amazonaws.com/308036881853/s3-events-queue",
            "kms_data_key_reuse_period_seconds": 300,
            "kms_master_key_id": "",
            "max_message_size": 262144,
            "message_retention_seconds": 345600,
            "name": "s3-events-queue",
            "name_prefix": "",
            "policy": "{\"Statement\":[{\"Action\":\"sqs:SendMessage\",\"Condition\":{\"ArnEquals\":{\"aws:SourceArn\":\"arn:aws:s3:::rearc-dataquest-s3terraform\"}},\"Effect\":\"Allow\",\"Principal\":{\"Service\":\"s3.amazonaws.com\"},\"Resource\":\"arn:aws:sqs:us-east-2:308036881853:s3-events-queue\",\"Sid\":\"AllowS3SendMessage\"}],\"Version\":\"2012-10-17\"}",
            "receive_wait_time_seconds": 0,
            "redrive_allow_policy": "",
            "redrive_policy": "",
            "region": "us-east-2",
            "sqs_managed_sse_enabled": true,
            "tags": {},
            "tags_all": {},
            "timeouts": null,
            "url": "https://sqs.us-east-2.amazonaws.com/308036881853/s3-events-queue",
            "visibility_timeout_seconds": 360
          },
          "sensitive_attributes": [],
          "identity_schema_version": 0,
          "identity": {
            "account_id": "308036881853",
            "region": "us-east-2",
            "url": "https://sqs.us-east-2.amazonaws.com/308036881853/s3-events-queue"
          },
          "private": "eyJlMmJmYjczMC1lY2FhLTExZTYtOGY4OC0zNDM2M2JjN2M0YzAiOnsiY3JlYXRlIjoxODAwMDAwMDAwMDAsImRlbGV0ZSI6MTgwMDAwMDAwMDAwLCJ1cGRhdGUiOjE4MDAwMDAwMDAwMH19"
        }
      ]
    },
    {
      "mode": "managed",
      "type": "aws_sqs_queue_policy",
      "name": "allow_s3_to_send",
      "provider": "provider[\"registry.terraform.io/hashicorp/aws\"]",
      "instances": [
        {
          "schema_version": 1,
          "attributes": {
            "id": "https://sqs.us-east-2.amazonaws.com/308036881853/s3-events-queue",
            "policy": "{\"Statement\":[{\"Action\":\"sqs:SendMessage\",\"Condition\":{\"ArnEquals\":{\"aws:SourceArn\":\"arn:aws:s3:::rearc-dataquest-s3terraform\"}},\"Effect\":\"Allow\",\"Principal\":{\"Service\":\"s3.amazonaws.com\"},\"Resource\":\"arn:aws:sqs:us-east-2:308036881853:s3-events-queue\",\"Sid\":\"AllowS3SendMessage\"}],\"Version\":\"2012-10-17\"}",
            "queue_url": "https://sqs.us-east-2.amazonaws.com/308036881853/s3-events-queue",
            "region": "us-east-2"
          },
          "sensitive_attributes": [],
          "identity_schema_version": 0,
          "identity": {
            "account_id": "308036881853",
            "queue_url": "https://sqs.us-east-2.amazonaws.com/308036881853/s3-events-queue",
            "region": "us-east-2"
          },
          "private": "eyJzY2hlbWFfdmVyc2lvbiI6IjEifQ==",
          "dependencies": [
            "aws_s3_bucket.my_bucket",
            "aws_sqs_queue.s3_events_queue"
          ]
        }
      ]
    },
    {
      "module": "module.data_load",
      "mode": "data",
      "type": "aws_caller_identity",
      "name": "current",
      "provider": "provider[\"registry.terraform.io/hashicorp/aws\"]",
      "instances": [
        {
          "schema_version": 0,
          "attributes": {
            "account_id": "308036881853",
            "arn": "arn:aws:iam::308036881853:user/Bhanu",
            "id": "308036881853",
            "user_id": "AIDAUPODNZW63R2FPZPRN"
          },
          "sensitive_attributes": [],
          "identity_schema_version": 0
        }
      ]
    },
    {
      "module": "module.data_load",
      "mode": "data",
      "type": "aws_iam_policy_document",
      "name": "additional_inline",
      "provider": "provider[\"registry.terraform.io/hashicorp/aws\"]",
      "instances": [
        {
          "index_key": 0,
          "schema_version": 0,
          "attributes": {
            "id": "975458916",
            "json": "{\n  \"Version\": \"2012-10-17\",\n  \"Statement\": [\n    {\n      \"Sid\": \"s3bucketaccess\",\n      \"Effect\": \"Allow\",\n      \"Action\": \"*\",\n      \"Resource\": \"*\"\n    }\n  ]\n}",
            "minified_json": "{\"Version\":\"2012-10-17\",\"Statement\":[{\"Sid\":\"s3bucketaccess\",\"Effect\":\"Allow\",\"Action\":\"*\",\"Resource\":\"*\"}]}",
            "override_json": null,
            "override_policy_documents": null,
            "policy_id": null,
            "source_json": null,
            "source_policy_documents": null,
            "statement": [
              {
                "actions": [
                  "*"
                ],
                "condition": [],
                "effect": "Allow",
                "not_actions": [],
                "not_principals": [],
                "not_resources": [],
                "principals": [],
                "resources": [
                  "*"
                ],
                "sid": "s3bucketaccess"
              }
            ],
            "version": "2012-10-17"
          },
          "sensitive_attributes": [],
          "identity_schema_version": 0
        }
      ]
    },
    {
      "module": "module.data_load",
      "mode": "data",
      "type": "aws_iam_policy_document",
      "name": "assume_role",
      "provider": "provider[\"registry.terraform.io/hashicorp/aws\"]",
      "instances": [
        {
          "index_key": 0,
          "schema_version": 0,
          "attributes": {
            "id": "1604711841",
            "json": "{\n  \"Version\": \"2012-10-17\",\n  \"Statement\": [\n    {\n      \"Effect\": \"Allow\",\n      \"Action\": \"sts:AssumeRole\",\n      \"Principal\": {\n        \"Service\": \"lambda.amazonaws.com\"\n      }\n    }\n  ]\n}",
            "minified_json": "{\"Version\":\"2012-10-17\",\"Statement\":[{\"Effect\":\"Allow\",\"Action\":\"sts:AssumeRole\",\"Principal\":{\"Service\":\"lambda.amazonaws.com\"}}]}",
            "override_json": null,
            "override_policy_documents": null,
            "policy_id": null,
            "source_json": null,
            "source_policy_documents": null,
            "statement": [
              {
                "actions": [
                  "sts:AssumeRole"
                ],
                "condition": [],
                "effect": "Allow",
                "not_actions": [],
                "not_principals": [],
                "not_resources": [],
                "principals": [
                  {
                    "identifiers": [
                      "lambda.amazonaws.com"
                    ],
                    "type": "Service"
                  }
                ],
                "resources": [],
                "sid": ""
              }
            ],
            "version": "2012-10-17"
          },
          "sensitive_attributes": [],
          "identity_schema_version": 0
        }
      ]
    },
    {
      "module": "module.data_load",
      "mode": "data",
      "type": "aws_iam_policy_document",
      "name": "logs",
      "provider": "provider[\"registry.terraform.io/hashicorp/aws\"]",
      "instances": [
        {
          "index_key": 0,
          "schema_version": 0,
          "attributes": {
            "id": "457842076",
            "json": "{\n  \"Version\": \"2012-10-17\",\n  \"Statement\": [\n    {\n      \"Effect\": \"Allow\",\n      \"Action\": [\n        \"logs:PutLogEvents\",\n        \"logs:CreateLogStream\",\n        \"logs:CreateLogGroup\"\n      ],\n      \"Resource\": [\n        \"arn:aws:logs:us-east-2:308036881853:log-group:/aws/lambda/data_load:*:*\",\n        \"arn:aws:logs:us-east-2:308036881853:log-group:/aws/lambda/data_load:*\"\n      ]\n    }\n  ]\n}",
            "minified_json": "{\"Version\":\"2012-10-17\",\"Statement\":[{\"Effect\":\"Allow\",\"Action\":[\"logs:PutLogEvents\",\"logs:CreateLogStream\",\"logs:CreateLogGroup\"],\"Resource\":[\"arn:aws:logs:us-east-2:308036881853:log-group:/aws/lambda/data_load:*:*\",\"arn:aws:logs:us-east-2:308036881853:log-group:/aws/lambda/data_load:*\"]}]}",
            "override_json": null,
            "override_policy_documents": null,
            "policy_id": null,
            "source_json": null,
            "source_policy_documents": null,
            "statement": [
              {
                "actions": [
                  "logs:CreateLogGroup",
                  "logs:CreateLogStream",
                  "logs:PutLogEvents"
                ],
                "condition": [],
                "effect": "Allow",
                "not_actions": [],
                "not_principals": [],
                "not_resources": [],
                "principals": [],
                "resources": [
                  "arn:aws:logs:us-east-2:308036881853:log-group:/aws/lambda/data_load:*",
                  "arn:aws:logs:us-east-2:308036881853:log-group:/aws/lambda/data_load:*:*"
                ],
                "sid": ""
              }
            ],
            "version": "2012-10-17"
          },
          "sensitive_attributes": [],
          "identity_schema_version": 0
        }
      ]
    },
    {
      "module": "module.data_load",
      "mode": "data",
      "type": "aws_partition",
      "name": "current",
      "provider": "provider[\"registry.terraform.io/hashicorp/aws\"]",
      "instances": [
        {
          "schema_version": 0,
          "attributes": {
            "dns_suffix": "amazonaws.com",
            "id": "aws",
            "partition": "aws",
            "reverse_dns_prefix": "com.amazonaws"
          },
          "sensitive_attributes": [],
          "identity_schema_version": 0
        }
      ]
    },
    {
      "module": "module.data_load",
      "mode": "data",
      "type": "aws_region",
      "name": "current",
      "provider": "provider[\"registry.terraform.io/hashicorp/aws\"]",
      "instances": [
        {
          "schema_version": 0,
          "attributes": {
            "description": "US East (Ohio)",
            "endpoint": "ec2.us-east-2.amazonaws.com",
            "id": "us-east-2",
            "name": "us-east-2",
            "region": "us-east-2"
          },
          "sensitive_attributes": [],
          "identity_schema_version": 0
        }
      ]
    },
    {
      "module": "module.data_load",
      "mode": "managed",
      "type": "aws_cloudwatch_log_group",
      "name": "lambda",
      "provider": "provider[\"registry.terraform.io/hashicorp/aws\"]",
      "instances": [
        {
          "index_key": 0,
          "schema_version": 0,
          "attributes": {
            "arn": "arn:aws:logs:us-east-2:308036881853:log-group:/aws/lambda/data_load",
            "id": "/aws/lambda/data_load",
            "kms_key_id": "",
            "log_group_class": "STANDARD",
            "name": "/aws/lambda/data_load",
            "name_prefix": "",
            "region": "us-east-2",
            "retention_in_days": 0,
            "skip_destroy": false,
            "tags": {
              "Name": "Data Load Lambda Function"
            },
            "tags_all": {
              "Name": "Data Load Lambda Function"
            }
          },
          "sensitive_attributes": [],
          "identity_schema_version": 0,
          "identity": {
            "account_id": "308036881853",
            "name": "/aws/lambda/data_load",
            "region": "us-east-2"
          },
          "private": "bnVsbA==",
          "create_before_destroy": true
        }
      ]
    },
    {
      "module": "module.data_load",
      "mode": "managed",
      "type": "aws_iam_role",
      "name": "lambda",
      "provider": "provider[\"registry.terraform.io/hashicorp/aws\"]",
      "instances": [
        {
          "index_key": 0,
          "schema_version": 0,
          "attributes": {
            "arn": "arn:aws:iam::308036881853:role/data_load",
            "assume_role_policy": "{\"Statement\":[{\"Action\":\"sts:AssumeRole\",\"Effect\":\"Allow\",\"Principal\":{\"Service\":\"lambda.amazonaws.com\"}}],\"Version\":\"2012-10-17\"}",
            "create_date": "2025-10-21T14:37:01Z",
            "description": "",
            "force_detach_policies": true,
            "id": "data_load",
            "inline_policy": [
              {
                "name": "data_load-inline",
                "policy": "{\"Version\":\"2012-10-17\",\"Statement\":[{\"Action\":\"*\",\"Effect\":\"Allow\",\"Resource\":\"*\",\"Sid\":\"s3bucketaccess\"}]}"
              },
              {
                "name": "data_load-logs",
                "policy": "{\"Version\":\"2012-10-17\",\"Statement\":[{\"Action\":[\"logs:PutLogEvents\",\"logs:CreateLogStream\",\"logs:CreateLogGroup\"],\"Effect\":\"Allow\",\"Resource\":[\"arn:aws:logs:us-east-2:308036881853:log-group:/aws/lambda/data_load:*:*\",\"arn:aws:logs:us-east-2:308036881853:log-group:/aws/lambda/data_load:*\"]}]}"
              }
            ],
            "managed_policy_arns": [],
            "max_session_duration": 3600,
            "name": "data_load",
            "name_prefix": "",
            "path": "/",
            "permissions_boundary": "",
            "tags": {
              "Name": "Data Load Lambda Function"
            },
            "tags_all": {
              "Name": "Data Load Lambda Function"
            },
            "unique_id": "AROAUPODNZW63KK7F2PVI"
          },
          "sensitive_attributes": [],
          "identity_schema_version": 0,
          "identity": {
            "account_id": "308036881853",
            "name": "data_load"
          },
          "private": "bnVsbA==",
          "dependencies": [
            "module.data_load.data.aws_iam_policy_document.assume_role"
          ],
          "create_before_destroy": true
        }
      ]
    },
    {
      "module": "module.data_load",
      "mode": "managed",
      "type": "aws_iam_role_policy",
      "name": "additional_inline",
      "provider": "provider[\"registry.terraform.io/hashicorp/aws\"]",
      "instances": [
        {
          "index_key": 0,
          "schema_version": 0,
          "attributes": {
            "id": "data_load:data_load-inline",
            "name": "data_load-inline",
            "name_prefix": "",
            "policy": "{\"Version\":\"2012-10-17\",\"Statement\":[{\"Action\":\"*\",\"Effect\":\"Allow\",\"Resource\":\"*\",\"Sid\":\"s3bucketaccess\"}]}",
            "role": "data_load"
          },
          "sensitive_attributes": [],
          "identity_schema_version": 0,
          "identity": {
            "account_id": "308036881853",
            "name": "data_load-inline",
            "role": "data_load"
          },
          "private": "bnVsbA==",
          "dependencies": [
            "module.data_load.aws_iam_role.lambda",
            "module.data_load.data.aws_iam_policy_document.additional_inline",
            "module.data_load.data.aws_iam_policy_document.assume_role"
          ],
          "create_before_destroy": true
        }
      ]
    },
    {
      "module": "module.data_load",
      "mode": "managed",
      "type": "aws_iam_role_policy",
      "name": "logs",
      "provider": "provider[\"registry.terraform.io/hashicorp/aws\"]",
      "instances": [
        {
          "index_key": 0,
          "schema_version": 0,
          "attributes": {
            "id": "data_load:data_load-logs",
            "name": "data_load-logs",
            "name_prefix": "",
            "policy": "{\"Version\":\"2012-10-17\",\"Statement\":[{\"Action\":[\"logs:PutLogEvents\",\"logs:CreateLogStream\",\"logs:CreateLogGroup\"],\"Effect\":\"Allow\",\"Resource\":[\"arn:aws:logs:us-east-2:308036881853:log-group:/aws/lambda/data_load:*:*\",\"arn:aws:logs:us-east-2:308036881853:log-group:/aws/lambda/data_load:*\"]}]}",
            "role": "data_load"
          },
          "sensitive_attributes": [],
          "identity_schema_version": 0,
          "identity": {
            "account_id": "308036881853",
            "name": "data_load-logs",
            "role": "data_load"
          },
          "private": "bnVsbA==",
          "dependencies": [
            "module.data_load.aws_cloudwatch_log_group.lambda",
            "module.data_load.aws_iam_role.lambda",
            "module.data_load.data.aws_arn.log_group_arn",
            "module.data_load.data.aws_cloudwatch_log_group.lambda",
            "module.data_load.data.aws_iam_policy_document.assume_role",
            "module.data_load.data.aws_iam_policy_document.logs"
          ],
          "create_before_destroy": true
        }
      ]
    },
    {
      "module": "module.data_load",
      "mode": "managed",
      "type": "aws_lambda_function",
      "name": "this",
      "provider": "provider[\"registry.terraform.io/hashicorp/aws\"]",
      "instances": [
        {
          "index_key": 0,
          "schema_version": 0,
          "attributes": {
            "architectures": [
              "x86_64"
            ],
            "arn": "arn:aws:lambda:us-east-2:308036881853:function:data_load",
            "code_sha256": "sX2m7lJzH1GOfSX/b1E0HRIbv15t+MPcwkquVg6CMD0=",
            "code_signing_config_arn": "",
            "dead_letter_config": [],
            "description": "Fetches API data daily and syncs it to S3 bucket",
            "environment": [
              {
                "variables": {
                  "S3_BUCKET_NAME": "rearc-dataquest-s3terraform"
                }
              }
            ],
            "ephemeral_storage": [
              {
                "size": 512
              }
            ],
            "file_system_config": [],
            "filename": "./lambda_code/data_load.zip",
            "function_name": "data_load",
            "handler": "data_load.lambda_handler",
            "id": "data_load",
            "image_config": [],
            "image_uri": "",
            "invoke_arn": "arn:aws:apigateway:us-east-2:lambda:path/2015-03-31/functions/arn:aws:lambda:us-east-2:308036881853:function:data_load/invocations",
            "kms_key_arn": "",
            "last_modified": "2025-10-21T14:37:18.993+0000",
            "layers": [],
            "logging_config": [
              {
                "application_log_level": "",
                "log_format": "Text",
                "log_group": "/aws/lambda/data_load",
                "system_log_level": ""
              }
            ],
            "memory_size": 1024,
            "package_type": "Zip",
            "publish": true,
            "qualified_arn": "arn:aws:lambda:us-east-2:308036881853:function:data_load:1",
            "qualified_invoke_arn": "arn:aws:apigateway:us-east-2:lambda:path/2015-03-31/functions/arn:aws:lambda:us-east-2:308036881853:function:data_load:1/invocations",
            "region": "us-east-2",
            "replace_security_groups_on_destroy": null,
            "replacement_security_group_ids": null,
            "reserved_concurrent_executions": -1,
            "role": "arn:aws:iam::308036881853:role/data_load",
            "runtime": "python3.9",
            "s3_bucket": null,
            "s3_key": null,
            "s3_object_version": null,
            "signing_job_arn": "",
            "signing_profile_version_arn": "",
            "skip_destroy": false,
            "snap_start": [],
            "source_code_hash": "sX2m7lJzH1GOfSX/b1E0HRIbv15t+MPcwkquVg6CMD0=",
            "source_code_size": 1558,
            "source_kms_key_arn": "",
            "tags": {
              "Name": "Data Load Lambda Function",
              "terraform-aws-modules": "lambda"
            },
            "tags_all": {
              "Name": "Data Load Lambda Function",
              "terraform-aws-modules": "lambda"
            },
            "timeout": 300,
            "timeouts": null,
            "tracing_config": [
              {
                "mode": "PassThrough"
              }
            ],
            "version": "1",
            "vpc_config": []
          },
          "sensitive_attributes": [],
          "identity_schema_version": 0,
          "identity": {
            "account_id": "308036881853",
            "function_name": "data_load",
            "region": "us-east-2"
          },
          "private": "eyJlMmJmYjczMC1lY2FhLTExZTYtOGY4OC0zNDM2M2JjN2M0YzAiOnsiY3JlYXRlIjo2MDAwMDAwMDAwMDAsImRlbGV0ZSI6NjAwMDAwMDAwMDAwLCJ1cGRhdGUiOjYwMDAwMDAwMDAwMH19",
          "dependencies": [
            "aws_s3_bucket.my_bucket",
            "module.data_load.aws_cloudwatch_log_group.lambda",
            "module.data_load.aws_iam_role.lambda",
            "module.data_load.aws_iam_role_policy.additional_inline",
            "module.data_load.aws_iam_role_policy.additional_json",
            "module.data_load.aws_iam_role_policy.additional_jsons",
            "module.data_load.aws_iam_role_policy.async",
            "module.data_load.aws_iam_role_policy.dead_letter",
            "module.data_load.aws_iam_role_policy.logs",
            "module.data_load.aws_iam_role_policy.tracing",
            "module.data_load.aws_iam_role_policy.vpc",
            "module.data_load.aws_iam_role_policy_attachment.additional_many",
            "module.data_load.aws_iam_role_policy_attachment.additional_one",
            "module.data_load.aws_s3_object.lambda_package",
            "module.data_load.data.aws_arn.log_group_arn",
            "module.data_load.data.aws_cloudwatch_log_group.lambda",
            "module.data_load.data.aws_iam_policy.tracing",
            "module.data_load.data.aws_iam_policy.vpc",
            "module.data_load.data.aws_iam_policy_document.additional_inline",
            "module.data_load.data.aws_iam_policy_document.assume_role",
            "module.data_load.data.aws_iam_policy_document.async",
            "module.data_load.data.aws_iam_policy_document.dead_letter",
            "module.data_load.data.aws_iam_policy_document.logs",
            "module.data_load.data.aws_partition.current",
            "module.data_load.data.external.archive_prepare",
            "module.data_load.local_file.archive_plan",
            "module.data_load.null_resource.archive"
          ],
          "create_before_destroy": true
        }
      ]
    },
    {
      "module": "module.data_reporting",
      "mode": "data",
      "type": "aws_caller_identity",
      "name": "current",
      "provider": "provider[\"registry.terraform.io/hashicorp/aws\"]",
      "instances": [
        {
          "schema_version": 0,
          "attributes": {
            "account_id": "308036881853",
            "arn": "arn:aws:iam::308036881853:user/Bhanu",
            "id": "308036881853",
            "user_id": "AIDAUPODNZW63R2FPZPRN"
          },
          "sensitive_attributes": [],
          "identity_schema_version": 0
        }
      ]
    },
    {
      "module": "module.data_reporting",
      "mode": "data",
      "type": "aws_iam_policy_document",
      "name": "additional_inline",
      "provider": "provider[\"registry.terraform.io/hashicorp/aws\"]",
      "instances": [
        {
          "index_key": 0,
          "schema_version": 0,
          "attributes": {
            "id": "2114761533",
            "json": "{\n  \"Version\": \"2012-10-17\",\n  \"Statement\": [\n    {\n      \"Sid\": \"sqs\",\n      \"Effect\": \"Allow\",\n      \"Action\": \"*\",\n      \"Resource\": \"*\"\n    }\n  ]\n}",
            "minified_json": "{\"Version\":\"2012-10-17\",\"Statement\":[{\"Sid\":\"sqs\",\"Effect\":\"Allow\",\"Action\":\"*\",\"Resource\":\"*\"}]}",
            "override_json": null,
            "override_policy_documents": null,
            "policy_id": null,
            "source_json": null,
            "source_policy_documents": null,
            "statement": [
              {
                "actions": [
                  "*"
                ],
                "condition": [],
                "effect": "Allow",
                "not_actions": [],
                "not_principals": [],
                "not_resources": [],
                "principals": [],
                "resources": [
                  "*"
                ],
                "sid": "sqs"
              }
            ],
            "version": "2012-10-17"
          },
          "sensitive_attributes": [],
          "identity_schema_version": 0
        }
      ]
    },
    {
      "module": "module.data_reporting",
      "mode": "data",
      "type": "aws_iam_policy_document",
      "name": "assume_role",
      "provider": "provider[\"registry.terraform.io/hashicorp/aws\"]",
      "instances": [
        {
          "index_key": 0,
          "schema_version": 0,
          "attributes": {
            "id": "1604711841",
            "json": "{\n  \"Version\": \"2012-10-17\",\n  \"Statement\": [\n    {\n      \"Effect\": \"Allow\",\n      \"Action\": \"sts:AssumeRole\",\n      \"Principal\": {\n        \"Service\": \"lambda.amazonaws.com\"\n      }\n    }\n  ]\n}",
            "minified_json": "{\"Version\":\"2012-10-17\",\"Statement\":[{\"Effect\":\"Allow\",\"Action\":\"sts:AssumeRole\",\"Principal\":{\"Service\":\"lambda.amazonaws.com\"}}]}",
            "override_json": null,
            "override_policy_documents": null,
            "policy_id": null,
            "source_json": null,
            "source_policy_documents": null,
            "statement": [
              {
                "actions": [
                  "sts:AssumeRole"
                ],
                "condition": [],
                "effect": "Allow",
                "not_actions": [],
                "not_principals": [],
                "not_resources": [],
                "principals": [
                  {
                    "identifiers": [
                      "lambda.amazonaws.com"
                    ],
                    "type": "Service"
                  }
                ],
                "resources": [],
                "sid": ""
              }
            ],
            "version": "2012-10-17"
          },
          "sensitive_attributes": [],
          "identity_schema_version": 0
        }
      ]
    },
    {
      "module": "module.data_reporting",
      "mode": "data",
      "type": "aws_iam_policy_document",
      "name": "logs",
      "provider": "provider[\"registry.terraform.io/hashicorp/aws\"]",
      "instances": [
        {
          "index_key": 0,
          "schema_version": 0,
          "attributes": {
            "id": "84892080",
            "json": "{\n  \"Version\": \"2012-10-17\",\n  \"Statement\": [\n    {\n      \"Effect\": \"Allow\",\n      \"Action\": [\n        \"logs:PutLogEvents\",\n        \"logs:CreateLogStream\",\n        \"logs:CreateLogGroup\"\n      ],\n      \"Resource\": [\n        \"arn:aws:logs:us-east-2:308036881853:log-group:/aws/lambda/data_reporting:*:*\",\n        \"arn:aws:logs:us-east-2:308036881853:log-group:/aws/lambda/data_reporting:*\"\n      ]\n    }\n  ]\n}",
            "minified_json": "{\"Version\":\"2012-10-17\",\"Statement\":[{\"Effect\":\"Allow\",\"Action\":[\"logs:PutLogEvents\",\"logs:CreateLogStream\",\"logs:CreateLogGroup\"],\"Resource\":[\"arn:aws:logs:us-east-2:308036881853:log-group:/aws/lambda/data_reporting:*:*\",\"arn:aws:logs:us-east-2:308036881853:log-group:/aws/lambda/data_reporting:*\"]}]}",
            "override_json": null,
            "override_policy_documents": null,
            "policy_id": null,
            "source_json": null,
            "source_policy_documents": null,
            "statement": [
              {
                "actions": [
                  "logs:CreateLogGroup",
                  "logs:CreateLogStream",
                  "logs:PutLogEvents"
                ],
                "condition": [],
                "effect": "Allow",
                "not_actions": [],
                "not_principals": [],
                "not_resources": [],
                "principals": [],
                "resources": [
                  "arn:aws:logs:us-east-2:308036881853:log-group:/aws/lambda/data_reporting:*",
                  "arn:aws:logs:us-east-2:308036881853:log-group:/aws/lambda/data_reporting:*:*"
                ],
                "sid": ""
              }
            ],
            "version": "2012-10-17"
          },
          "sensitive_attributes": [],
          "identity_schema_version": 0
        }
      ]
    },
    {
      "module": "module.data_reporting",
      "mode": "data",
      "type": "aws_partition",
      "name": "current",
      "provider": "provider[\"registry.terraform.io/hashicorp/aws\"]",
      "instances": [
        {
          "schema_version": 0,
          "attributes": {
            "dns_suffix": "amazonaws.com",
            "id": "aws",
            "partition": "aws",
            "reverse_dns_prefix": "com.amazonaws"
          },
          "sensitive_attributes": [],
          "identity_schema_version": 0
        }
      ]
    },
    {
      "module": "module.data_reporting",
      "mode": "data",
      "type": "aws_region",
      "name": "current",
      "provider": "provider[\"registry.terraform.io/hashicorp/aws\"]",
      "instances": [
        {
          "schema_version": 0,
          "attributes": {
            "description": "US East (Ohio)",
            "endpoint": "ec2.us-east-2.amazonaws.com",
            "id": "us-east-2",
            "name": "us-east-2",
            "region": "us-east-2"
          },
          "sensitive_attributes": [],
          "identity_schema_version": 0
        }
      ]
    },
    {
      "module": "module.data_reporting",
      "mode": "managed",
      "type": "aws_cloudwatch_log_group",
      "name": "lambda",
      "provider": "provider[\"registry.terraform.io/hashicorp/aws\"]",
      "instances": [
        {
          "index_key": 0,
          "schema_version": 0,
          "attributes": {
            "arn": "arn:aws:logs:us-east-2:308036881853:log-group:/aws/lambda/data_reporting",
            "id": "/aws/lambda/data_reporting",
            "kms_key_id": "",
            "log_group_class": "STANDARD",
            "name": "/aws/lambda/data_reporting",
            "name_prefix": "",
            "region": "us-east-2",
            "retention_in_days": 0,
            "skip_destroy": false,
            "tags": {
              "Name": "Data Reporting Lambda Function"
            },
            "tags_all": {
              "Name": "Data Reporting Lambda Function"
            }
          },
          "sensitive_attributes": [],
          "identity_schema_version": 0,
          "identity": {
            "account_id": "308036881853",
            "name": "/aws/lambda/data_reporting",
            "region": "us-east-2"
          },
          "private": "bnVsbA==",
          "create_before_destroy": true
        }
      ]
    },
    {
      "module": "module.data_reporting",
      "mode": "managed",
      "type": "aws_iam_role",
      "name": "lambda",
      "provider": "provider[\"registry.terraform.io/hashicorp/aws\"]",
      "instances": [
        {
          "index_key": 0,
          "schema_version": 0,
          "attributes": {
            "arn": "arn:aws:iam::308036881853:role/data_reporting",
            "assume_role_policy": "{\"Statement\":[{\"Action\":\"sts:AssumeRole\",\"Effect\":\"Allow\",\"Principal\":{\"Service\":\"lambda.amazonaws.com\"}}],\"Version\":\"2012-10-17\"}",
            "create_date": "2025-10-21T14:37:01Z",
            "description": "",
            "force_detach_policies": true,
            "id": "data_reporting",
            "inline_policy": [
              {
                "name": "data_reporting-inline",
                "policy": "{\"Version\":\"2012-10-17\",\"Statement\":[{\"Action\":\"*\",\"Effect\":\"Allow\",\"Resource\":\"*\",\"Sid\":\"sqs\"}]}"
              },
              {
                "name": "data_reporting-logs",
                "policy": "{\"Version\":\"2012-10-17\",\"Statement\":[{\"Action\":[\"logs:PutLogEvents\",\"logs:CreateLogStream\",\"logs:CreateLogGroup\"],\"Effect\":\"Allow\",\"Resource\":[\"arn:aws:logs:us-east-2:308036881853:log-group:/aws/lambda/data_reporting:*:*\",\"arn:aws:logs:us-east-2:308036881853:log-group:/aws/lambda/data_reporting:*\"]}]}"
              }
            ],
            "managed_policy_arns": [],
            "max_session_duration": 3600,
            "name": "data_reporting",
            "name_prefix": "",
            "path": "/",
            "permissions_boundary": "",
            "tags": {
              "Name": "Data Reporting Lambda Function"
            },
            "tags_all": {
              "Name": "Data Reporting Lambda Function"
            },
            "unique_id": "AROAUPODNZW65BU7WZSAA"
          },
          "sensitive_attributes": [],
          "identity_schema_version": 0,
          "identity": {
            "account_id": "308036881853",
            "name": "data_reporting"
          },
          "private": "bnVsbA==",
          "dependencies": [
            "module.data_reporting.data.aws_iam_policy_document.assume_role"
          ],
          "create_before_destroy": true
        }
      ]
    },
    {
      "module": "module.data_reporting",
      "mode": "managed",
      "type": "aws_iam_role_policy",
      "name": "additional_inline",
      "provider": "provider[\"registry.terraform.io/hashicorp/aws\"]",
      "instances": [
        {
          "index_key": 0,
          "schema_version": 0,
          "attributes": {
            "id": "data_reporting:data_reporting-inline",
            "name": "data_reporting-inline",
            "name_prefix": "",
            "policy": "{\"Version\":\"2012-10-17\",\"Statement\":[{\"Action\":\"*\",\"Effect\":\"Allow\",\"Resource\":\"*\",\"Sid\":\"sqs\"}]}",
            "role": "data_reporting"
          },
          "sensitive_attributes": [],
          "identity_schema_version": 0,
          "identity": {
            "account_id": "308036881853",
            "name": "data_reporting-inline",
            "role": "data_reporting"
          },
          "private": "bnVsbA==",
          "dependencies": [
            "module.data_reporting.aws_iam_role.lambda",
            "module.data_reporting.data.aws_iam_policy_document.additional_inline",
            "module.data_reporting.data.aws_iam_policy_document.assume_role"
          ],
          "create_before_destroy": true
        }
      ]
    },
    {
      "module": "module.data_reporting",
      "mode": "managed",
      "type": "aws_iam_role_policy",
      "name": "logs",
      "provider": "provider[\"registry.terraform.io/hashicorp/aws\"]",
      "instances": [
        {
          "index_key": 0,
          "schema_version": 0,
          "attributes": {
            "id": "data_reporting:data_reporting-logs",
            "name": "data_reporting-logs",
            "name_prefix": "",
            "policy": "{\"Version\":\"2012-10-17\",\"Statement\":[{\"Action\":[\"logs:PutLogEvents\",\"logs:CreateLogStream\",\"logs:CreateLogGroup\"],\"Effect\":\"Allow\",\"Resource\":[\"arn:aws:logs:us-east-2:308036881853:log-group:/aws/lambda/data_reporting:*:*\",\"arn:aws:logs:us-east-2:308036881853:log-group:/aws/lambda/data_reporting:*\"]}]}",
            "role": "data_reporting"
          },
          "sensitive_attributes": [],
          "identity_schema_version": 0,
          "identity": {
            "account_id": "308036881853",
            "name": "data_reporting-logs",
            "role": "data_reporting"
          },
          "private": "bnVsbA==",
          "dependencies": [
            "module.data_reporting.aws_cloudwatch_log_group.lambda",
            "module.data_reporting.aws_iam_role.lambda",
            "module.data_reporting.data.aws_arn.log_group_arn",
            "module.data_reporting.data.aws_cloudwatch_log_group.lambda",
            "module.data_reporting.data.aws_iam_policy_document.assume_role",
            "module.data_reporting.data.aws_iam_policy_document.logs"
          ],
          "create_before_destroy": true
        }
      ]
    },
    {
      "module": "module.data_reporting",
      "mode": "managed",
      "type": "aws_lambda_function",
      "name": "this",
      "provider": "provider[\"registry.terraform.io/hashicorp/aws\"]",
      "instances": [
        {
          "index_key": 0,
          "schema_version": 0,
          "attributes": {
            "architectures": [
              "x86_64"
            ],
            "arn": "arn:aws:lambda:us-east-2:308036881853:function:data_reporting",
            "code_sha256": "WnAXwU+GRcn6hUH68S1NPMkywJS72yB9DTfpznh3Dic=",
            "code_signing_config_arn": "",
            "dead_letter_config": [],
            "description": "Processes S3 data and reports analysis to CloudWatch",
            "environment": [
              {
                "variables": {
                  "S3_BUCKET_NAME": "rearc-dataquest-s3terraform"
                }
              }
            ],
            "ephemeral_storage": [
              {
                "size": 512
              }
            ],
            "file_system_config": [],
            "filename": "./lambda_code/data_reporting.zip",
            "function_name": "data_reporting",
            "handler": "data_reporting.lambda_handler",
            "id": "data_reporting",
            "image_config": [],
            "image_uri": "",
            "invoke_arn": "arn:aws:apigateway:us-east-2:lambda:path/2015-03-31/functions/arn:aws:lambda:us-east-2:308036881853:function:data_reporting/invocations",
            "kms_key_arn": "",
            "last_modified": "2025-10-21T14:37:12.432+0000",
            "layers": [],
            "logging_config": [
              {
                "application_log_level": "",
                "log_format": "Text",
                "log_group": "/aws/lambda/data_reporting",
                "system_log_level": ""
              }
            ],
            "memory_size": 1024,
            "package_type": "Zip",
            "publish": true,
            "qualified_arn": "arn:aws:lambda:us-east-2:308036881853:function:data_reporting:1",
            "qualified_invoke_arn": "arn:aws:apigateway:us-east-2:lambda:path/2015-03-31/functions/arn:aws:lambda:us-east-2:308036881853:function:data_reporting:1/invocations",
            "region": "us-east-2",
            "replace_security_groups_on_destroy": null,
            "replacement_security_group_ids": null,
            "reserved_concurrent_executions": -1,
            "role": "arn:aws:iam::308036881853:role/data_reporting",
            "runtime": "python3.9",
            "s3_bucket": null,
            "s3_key": null,
            "s3_object_version": null,
            "signing_job_arn": "",
            "signing_profile_version_arn": "",
            "skip_destroy": false,
            "snap_start": [],
            "source_code_hash": "WnAXwU+GRcn6hUH68S1NPMkywJS72yB9DTfpznh3Dic=",
            "source_code_size": 1386,
            "source_kms_key_arn": "",
            "tags": {
              "Name": "Data Reporting Lambda Function",
              "terraform-aws-modules": "lambda"
            },
            "tags_all": {
              "Name": "Data Reporting Lambda Function",
              "terraform-aws-modules": "lambda"
            },
            "timeout": 300,
            "timeouts": null,
            "tracing_config": [
              {
                "mode": "PassThrough"
              }
            ],
            "version": "1",
            "vpc_config": []
          },
          "sensitive_attributes": [],
          "identity_schema_version": 0,
          "identity": {
            "account_id": "308036881853",
            "function_name": "data_reporting",
            "region": "us-east-2"
          },
          "private": "eyJlMmJmYjczMC1lY2FhLTExZTYtOGY4OC0zNDM2M2JjN2M0YzAiOnsiY3JlYXRlIjo2MDAwMDAwMDAwMDAsImRlbGV0ZSI6NjAwMDAwMDAwMDAwLCJ1cGRhdGUiOjYwMDAwMDAwMDAwMH19",
          "dependencies": [
            "aws_s3_bucket.my_bucket",
            "module.data_reporting.aws_cloudwatch_log_group.lambda",
            "module.data_reporting.aws_iam_role.lambda",
            "module.data_reporting.aws_iam_role_policy.additional_inline",
            "module.data_reporting.aws_iam_role_policy.additional_json",
            "module.data_reporting.aws_iam_role_policy.additional_jsons",
            "module.data_reporting.aws_iam_role_policy.async",
            "module.data_reporting.aws_iam_role_policy.dead_letter",
            "module.data_reporting.aws_iam_role_policy.logs",
            "module.data_reporting.aws_iam_role_policy.tracing",
            "module.data_reporting.aws_iam_role_policy.vpc",
            "module.data_reporting.aws_iam_role_policy_attachment.additional_many",
            "module.data_reporting.aws_iam_role_policy_attachment.additional_one",
            "module.data_reporting.aws_s3_object.lambda_package",
            "module.data_reporting.data.aws_arn.log_group_arn",
            "module.data_reporting.data.aws_cloudwatch_log_group.lambda",
            "module.data_reporting.data.aws_iam_policy.tracing",
            "module.data_reporting.data.aws_iam_policy.vpc",
            "module.data_reporting.data.aws_iam_policy_document.additional_inline",
            "module.data_reporting.data.aws_iam_policy_document.assume_role",
            "module.data_reporting.data.aws_iam_policy_document.async",
            "module.data_reporting.data.aws_iam_policy_document.dead_letter",
            "module.data_reporting.data.aws_iam_policy_document.logs",
            "module.data_reporting.data.aws_partition.current",
            "module.data_reporting.data.external.archive_prepare",
            "module.data_reporting.local_file.archive_plan",
            "module.data_reporting.null_resource.archive"
          ],
          "create_before_destroy": true
        }
      ]
    }
  ],
  "check_results": null
}
